// !$*UTF8*$!
{
	archiveVersion = 1;
	classes = {
	};
	objectVersion = 51;
	objects = {

/* Begin PBXBuildFile section */
		63371461240F02CB0040AD29 /* AppDelegate.swift in Sources */ = {isa = PBXBuildFile; fileRef = 63371460240F02CB0040AD29 /* AppDelegate.swift */; };
		63371463240F02CB0040AD29 /* SceneDelegate.swift in Sources */ = {isa = PBXBuildFile; fileRef = 63371462240F02CB0040AD29 /* SceneDelegate.swift */; };
		63371468240F02CB0040AD29 /* Main.storyboard in Resources */ = {isa = PBXBuildFile; fileRef = 63371466240F02CB0040AD29 /* Main.storyboard */; };
		6337146A240F02D30040AD29 /* Assets.xcassets in Resources */ = {isa = PBXBuildFile; fileRef = 63371469240F02D30040AD29 /* Assets.xcassets */; };
		6337146D240F02D30040AD29 /* LaunchScreen.storyboard in Resources */ = {isa = PBXBuildFile; fileRef = 6337146B240F02D30040AD29 /* LaunchScreen.storyboard */; };
		63371478240F02D30040AD29 /* Davigram_InstagramProjectTests.swift in Sources */ = {isa = PBXBuildFile; fileRef = 63371477240F02D30040AD29 /* Davigram_InstagramProjectTests.swift */; };
		63371488240F05600040AD29 /* Login.storyboard in Resources */ = {isa = PBXBuildFile; fileRef = 63371487240F05600040AD29 /* Login.storyboard */; };
		6337148D240F06270040AD29 /* ProfileVC.swift in Sources */ = {isa = PBXBuildFile; fileRef = 6337148C240F06270040AD29 /* ProfileVC.swift */; };
		6337148F240F06360040AD29 /* ExploreVC.swift in Sources */ = {isa = PBXBuildFile; fileRef = 6337148E240F06360040AD29 /* ExploreVC.swift */; };
		63371491240F06E30040AD29 /* ExploreDetailVC.swift in Sources */ = {isa = PBXBuildFile; fileRef = 63371490240F06E30040AD29 /* ExploreDetailVC.swift */; };
		63371493240F07160040AD29 /* LoginVC.swift in Sources */ = {isa = PBXBuildFile; fileRef = 63371492240F07160040AD29 /* LoginVC.swift */; };
		635A23D9240F105800A3AAEE /* LaunchView.swift in Sources */ = {isa = PBXBuildFile; fileRef = 635A23D8240F105800A3AAEE /* LaunchView.swift */; };
		635A23DB240F156600A3AAEE /* TabBarController.swift in Sources */ = {isa = PBXBuildFile; fileRef = 635A23DA240F156600A3AAEE /* TabBarController.swift */; };
		635A23DD240F167E00A3AAEE /* GoogleService-Info.plist in Resources */ = {isa = PBXBuildFile; fileRef = 635A23DC240F167E00A3AAEE /* GoogleService-Info.plist */; };
		635A23E0240F1B9900A3AAEE /* UIViewController+Alerts.swift in Sources */ = {isa = PBXBuildFile; fileRef = 635A23DF240F1B9900A3AAEE /* UIViewController+Alerts.swift */; };
		635A23E2240F1BD000A3AAEE /* UIViewController+Navigation.swift in Sources */ = {isa = PBXBuildFile; fileRef = 635A23E1240F1BD000A3AAEE /* UIViewController+Navigation.swift */; };
		635A23E9240F666A00A3AAEE /* AuthenticationSession.swift in Sources */ = {isa = PBXBuildFile; fileRef = 635A23E8240F666A00A3AAEE /* AuthenticationSession.swift */; };
		635A23EB240F667B00A3AAEE /* DatabaseServices.swift in Sources */ = {isa = PBXBuildFile; fileRef = 635A23EA240F667B00A3AAEE /* DatabaseServices.swift */; };
		635A23ED240F67BB00A3AAEE /* Photo.swift in Sources */ = {isa = PBXBuildFile; fileRef = 635A23EC240F67BB00A3AAEE /* Photo.swift */; };
		635A23F524100B0B00A3AAEE /* UIImage+Extensions.swift in Sources */ = {isa = PBXBuildFile; fileRef = 635A23F424100B0B00A3AAEE /* UIImage+Extensions.swift */; };
		635A23FB241141C500A3AAEE /* StorageServices.swift in Sources */ = {isa = PBXBuildFile; fileRef = 635A23FA241141C500A3AAEE /* StorageServices.swift */; };
		63BBB3242411C9A3001A360D /* AddImageVC.swift in Sources */ = {isa = PBXBuildFile; fileRef = 63BBB3232411C9A3001A360D /* AddImageVC.swift */; };
		63BBB33D2416F41C001A360D /* LaunchAnimation.json in Resources */ = {isa = PBXBuildFile; fileRef = 63BBB33C2416F41C001A360D /* LaunchAnimation.json */; };
		63FB406C2417CA6A001F4606 /* CollectionViewCell.swift in Sources */ = {isa = PBXBuildFile; fileRef = 63FB406B2417CA6A001F4606 /* CollectionViewCell.swift */; };
		8DC115A6386F4FB85DBC00E6 /* Pods_Davigram_InstagramProjectTests.framework in Frameworks */ = {isa = PBXBuildFile; fileRef = F6EAD1A41733A88F907EDBAC /* Pods_Davigram_InstagramProjectTests.framework */; };
		C2F3A38E1A239422ABE30FAA /* Pods_Davigram_InstagramProject.framework in Frameworks */ = {isa = PBXBuildFile; fileRef = 117EEDFAAA54C3C9D6EC7433 /* Pods_Davigram_InstagramProject.framework */; };
/* End PBXBuildFile section */

/* Begin PBXContainerItemProxy section */
		63371474240F02D30040AD29 /* PBXContainerItemProxy */ = {
			isa = PBXContainerItemProxy;
			containerPortal = 63371455240F02CB0040AD29 /* Project object */;
			proxyType = 1;
			remoteGlobalIDString = 6337145C240F02CB0040AD29;
			remoteInfo = "Davigram-InstagramProject";
		};
/* End PBXContainerItemProxy section */

/* Begin PBXFileReference section */
		01C1498A5D4646E6CAFA456A /* Pods-Davigram-InstagramProject.release.xcconfig */ = {isa = PBXFileReference; includeInIndex = 1; lastKnownFileType = text.xcconfig; name = "Pods-Davigram-InstagramProject.release.xcconfig"; path = "Target Support Files/Pods-Davigram-InstagramProject/Pods-Davigram-InstagramProject.release.xcconfig"; sourceTree = "<group>"; };
		117EEDFAAA54C3C9D6EC7433 /* Pods_Davigram_InstagramProject.framework */ = {isa = PBXFileReference; explicitFileType = wrapper.framework; includeInIndex = 0; path = Pods_Davigram_InstagramProject.framework; sourceTree = BUILT_PRODUCTS_DIR; };
		6337145D240F02CB0040AD29 /* Davigram-InstagramProject.app */ = {isa = PBXFileReference; explicitFileType = wrapper.application; includeInIndex = 0; path = "Davigram-InstagramProject.app"; sourceTree = BUILT_PRODUCTS_DIR; };
		63371460240F02CB0040AD29 /* AppDelegate.swift */ = {isa = PBXFileReference; lastKnownFileType = sourcecode.swift; path = AppDelegate.swift; sourceTree = "<group>"; };
		63371462240F02CB0040AD29 /* SceneDelegate.swift */ = {isa = PBXFileReference; lastKnownFileType = sourcecode.swift; path = SceneDelegate.swift; sourceTree = "<group>"; };
		63371467240F02CB0040AD29 /* Base */ = {isa = PBXFileReference; lastKnownFileType = file.storyboard; name = Base; path = Base.lproj/Main.storyboard; sourceTree = "<group>"; };
		63371469240F02D30040AD29 /* Assets.xcassets */ = {isa = PBXFileReference; lastKnownFileType = folder.assetcatalog; path = Assets.xcassets; sourceTree = "<group>"; };
		6337146C240F02D30040AD29 /* Base */ = {isa = PBXFileReference; lastKnownFileType = file.storyboard; name = Base; path = Base.lproj/LaunchScreen.storyboard; sourceTree = "<group>"; };
		6337146E240F02D30040AD29 /* Info.plist */ = {isa = PBXFileReference; lastKnownFileType = text.plist.xml; path = Info.plist; sourceTree = "<group>"; };
		63371473240F02D30040AD29 /* Davigram-InstagramProjectTests.xctest */ = {isa = PBXFileReference; explicitFileType = wrapper.cfbundle; includeInIndex = 0; path = "Davigram-InstagramProjectTests.xctest"; sourceTree = BUILT_PRODUCTS_DIR; };
		63371477240F02D30040AD29 /* Davigram_InstagramProjectTests.swift */ = {isa = PBXFileReference; lastKnownFileType = sourcecode.swift; path = Davigram_InstagramProjectTests.swift; sourceTree = "<group>"; };
		63371479240F02D30040AD29 /* Info.plist */ = {isa = PBXFileReference; lastKnownFileType = text.plist.xml; path = Info.plist; sourceTree = "<group>"; };
		63371487240F05600040AD29 /* Login.storyboard */ = {isa = PBXFileReference; lastKnownFileType = file.storyboard; path = Login.storyboard; sourceTree = "<group>"; };
		6337148C240F06270040AD29 /* ProfileVC.swift */ = {isa = PBXFileReference; lastKnownFileType = sourcecode.swift; path = ProfileVC.swift; sourceTree = "<group>"; };
		6337148E240F06360040AD29 /* ExploreVC.swift */ = {isa = PBXFileReference; lastKnownFileType = sourcecode.swift; path = ExploreVC.swift; sourceTree = "<group>"; };
		63371490240F06E30040AD29 /* ExploreDetailVC.swift */ = {isa = PBXFileReference; lastKnownFileType = sourcecode.swift; path = ExploreDetailVC.swift; sourceTree = "<group>"; };
		63371492240F07160040AD29 /* LoginVC.swift */ = {isa = PBXFileReference; lastKnownFileType = sourcecode.swift; path = LoginVC.swift; sourceTree = "<group>"; };
		635A23D8240F105800A3AAEE /* LaunchView.swift */ = {isa = PBXFileReference; lastKnownFileType = sourcecode.swift; path = LaunchView.swift; sourceTree = "<group>"; };
		635A23DA240F156600A3AAEE /* TabBarController.swift */ = {isa = PBXFileReference; lastKnownFileType = sourcecode.swift; path = TabBarController.swift; sourceTree = "<group>"; };
		635A23DC240F167E00A3AAEE /* GoogleService-Info.plist */ = {isa = PBXFileReference; lastKnownFileType = text.plist; path = "GoogleService-Info.plist"; sourceTree = SOURCE_ROOT; };
		635A23DF240F1B9900A3AAEE /* UIViewController+Alerts.swift */ = {isa = PBXFileReference; lastKnownFileType = sourcecode.swift; path = "UIViewController+Alerts.swift"; sourceTree = "<group>"; };
		635A23E1240F1BD000A3AAEE /* UIViewController+Navigation.swift */ = {isa = PBXFileReference; lastKnownFileType = sourcecode.swift; path = "UIViewController+Navigation.swift"; sourceTree = "<group>"; };
		635A23E8240F666A00A3AAEE /* AuthenticationSession.swift */ = {isa = PBXFileReference; lastKnownFileType = sourcecode.swift; path = AuthenticationSession.swift; sourceTree = "<group>"; };
		635A23EA240F667B00A3AAEE /* DatabaseServices.swift */ = {isa = PBXFileReference; lastKnownFileType = sourcecode.swift; path = DatabaseServices.swift; sourceTree = "<group>"; };
		635A23EC240F67BB00A3AAEE /* Photo.swift */ = {isa = PBXFileReference; lastKnownFileType = sourcecode.swift; path = Photo.swift; sourceTree = "<group>"; };
		635A23F424100B0B00A3AAEE /* UIImage+Extensions.swift */ = {isa = PBXFileReference; lastKnownFileType = sourcecode.swift; path = "UIImage+Extensions.swift"; sourceTree = "<group>"; };
		635A23FA241141C500A3AAEE /* StorageServices.swift */ = {isa = PBXFileReference; lastKnownFileType = sourcecode.swift; path = StorageServices.swift; sourceTree = "<group>"; };
		63BBB3232411C9A3001A360D /* AddImageVC.swift */ = {isa = PBXFileReference; lastKnownFileType = sourcecode.swift; path = AddImageVC.swift; sourceTree = "<group>"; };
		63BBB33C2416F41C001A360D /* LaunchAnimation.json */ = {isa = PBXFileReference; fileEncoding = 4; lastKnownFileType = text.json; path = LaunchAnimation.json; sourceTree = "<group>"; };
		63FB406B2417CA6A001F4606 /* CollectionViewCell.swift */ = {isa = PBXFileReference; lastKnownFileType = sourcecode.swift; path = CollectionViewCell.swift; sourceTree = "<group>"; };
		746FE4D1455749ECD924133B /* Pods-Davigram-InstagramProject.debug.xcconfig */ = {isa = PBXFileReference; includeInIndex = 1; lastKnownFileType = text.xcconfig; name = "Pods-Davigram-InstagramProject.debug.xcconfig"; path = "Target Support Files/Pods-Davigram-InstagramProject/Pods-Davigram-InstagramProject.debug.xcconfig"; sourceTree = "<group>"; };
		8B4DAD7F648BF56FDDBBA117 /* Pods-Davigram-InstagramProjectTests.debug.xcconfig */ = {isa = PBXFileReference; includeInIndex = 1; lastKnownFileType = text.xcconfig; name = "Pods-Davigram-InstagramProjectTests.debug.xcconfig"; path = "Target Support Files/Pods-Davigram-InstagramProjectTests/Pods-Davigram-InstagramProjectTests.debug.xcconfig"; sourceTree = "<group>"; };
		F6EAD1A41733A88F907EDBAC /* Pods_Davigram_InstagramProjectTests.framework */ = {isa = PBXFileReference; explicitFileType = wrapper.framework; includeInIndex = 0; path = Pods_Davigram_InstagramProjectTests.framework; sourceTree = BUILT_PRODUCTS_DIR; };
		FE51271F5F60F7A6D7E6F2AC /* Pods-Davigram-InstagramProjectTests.release.xcconfig */ = {isa = PBXFileReference; includeInIndex = 1; lastKnownFileType = text.xcconfig; name = "Pods-Davigram-InstagramProjectTests.release.xcconfig"; path = "Target Support Files/Pods-Davigram-InstagramProjectTests/Pods-Davigram-InstagramProjectTests.release.xcconfig"; sourceTree = "<group>"; };
/* End PBXFileReference section */

/* Begin PBXFrameworksBuildPhase section */
		6337145A240F02CB0040AD29 /* Frameworks */ = {
			isa = PBXFrameworksBuildPhase;
			buildActionMask = 2147483647;
			files = (
				C2F3A38E1A239422ABE30FAA /* Pods_Davigram_InstagramProject.framework in Frameworks */,
			);
			runOnlyForDeploymentPostprocessing = 0;
		};
		63371470240F02D30040AD29 /* Frameworks */ = {
			isa = PBXFrameworksBuildPhase;
			buildActionMask = 2147483647;
			files = (
				8DC115A6386F4FB85DBC00E6 /* Pods_Davigram_InstagramProjectTests.framework in Frameworks */,
			);
			runOnlyForDeploymentPostprocessing = 0;
		};
/* End PBXFrameworksBuildPhase section */

/* Begin PBXGroup section */
		3B42A5BD15AAC592A0833049 /* Pods */ = {
			isa = PBXGroup;
			children = (
				746FE4D1455749ECD924133B /* Pods-Davigram-InstagramProject.debug.xcconfig */,
				01C1498A5D4646E6CAFA456A /* Pods-Davigram-InstagramProject.release.xcconfig */,
				8B4DAD7F648BF56FDDBBA117 /* Pods-Davigram-InstagramProjectTests.debug.xcconfig */,
				FE51271F5F60F7A6D7E6F2AC /* Pods-Davigram-InstagramProjectTests.release.xcconfig */,
			);
			path = Pods;
			sourceTree = "<group>";
		};
		6249175ED03418B13BD32D39 /* Frameworks */ = {
			isa = PBXGroup;
			children = (
				117EEDFAAA54C3C9D6EC7433 /* Pods_Davigram_InstagramProject.framework */,
				F6EAD1A41733A88F907EDBAC /* Pods_Davigram_InstagramProjectTests.framework */,
			);
			name = Frameworks;
			sourceTree = "<group>";
		};
		63371454240F02CB0040AD29 = {
			isa = PBXGroup;
			children = (
				6337145F240F02CB0040AD29 /* Davigram-InstagramProject */,
				63371476240F02D30040AD29 /* Davigram-InstagramProjectTests */,
				6337145E240F02CB0040AD29 /* Products */,
				3B42A5BD15AAC592A0833049 /* Pods */,
				6249175ED03418B13BD32D39 /* Frameworks */,
			);
			sourceTree = "<group>";
		};
		6337145E240F02CB0040AD29 /* Products */ = {
			isa = PBXGroup;
			children = (
				6337145D240F02CB0040AD29 /* Davigram-InstagramProject.app */,
				63371473240F02D30040AD29 /* Davigram-InstagramProjectTests.xctest */,
			);
			name = Products;
			sourceTree = "<group>";
		};
		6337145F240F02CB0040AD29 /* Davigram-InstagramProject */ = {
			isa = PBXGroup;
			children = (
				63371482240F035D0040AD29 /* APIClient */,
				63371485240F03900040AD29 /* Model */,
				635A23E7240F65ED00A3AAEE /* FirebaseServices */,
				63371484240F038B0040AD29 /* Views */,
				63371483240F03890040AD29 /* Controllers */,
				635A23DE240F1B6200A3AAEE /* Extension */,
				63371489240F05890040AD29 /* Supporting Files */,
				6337146E240F02D30040AD29 /* Info.plist */,
				635A23DC240F167E00A3AAEE /* GoogleService-Info.plist */,
			);
			path = "Davigram-InstagramProject";
			sourceTree = "<group>";
		};
		63371476240F02D30040AD29 /* Davigram-InstagramProjectTests */ = {
			isa = PBXGroup;
			children = (
				63371477240F02D30040AD29 /* Davigram_InstagramProjectTests.swift */,
				63371479240F02D30040AD29 /* Info.plist */,
			);
			path = "Davigram-InstagramProjectTests";
			sourceTree = "<group>";
		};
		63371482240F035D0040AD29 /* APIClient */ = {
			isa = PBXGroup;
			children = (
			);
			path = APIClient;
			sourceTree = "<group>";
		};
		63371483240F03890040AD29 /* Controllers */ = {
			isa = PBXGroup;
			children = (
				63371492240F07160040AD29 /* LoginVC.swift */,
				6337148E240F06360040AD29 /* ExploreVC.swift */,
				63371490240F06E30040AD29 /* ExploreDetailVC.swift */,
				63BBB3232411C9A3001A360D /* AddImageVC.swift */,
				6337148C240F06270040AD29 /* ProfileVC.swift */,
				635A23DA240F156600A3AAEE /* TabBarController.swift */,
			);
			path = Controllers;
			sourceTree = "<group>";
		};
		63371484240F038B0040AD29 /* Views */ = {
			isa = PBXGroup;
			children = (
				63371486240F04BA0040AD29 /* Storyboards */,
				635A23D8240F105800A3AAEE /* LaunchView.swift */,
				63FB406B2417CA6A001F4606 /* CollectionViewCell.swift */,
			);
			path = Views;
			sourceTree = "<group>";
		};
		63371485240F03900040AD29 /* Model */ = {
			isa = PBXGroup;
			children = (
				635A23EC240F67BB00A3AAEE /* Photo.swift */,
			);
			path = Model;
			sourceTree = "<group>";
		};
		63371486240F04BA0040AD29 /* Storyboards */ = {
			isa = PBXGroup;
			children = (
				6337146B240F02D30040AD29 /* LaunchScreen.storyboard */,
				63371487240F05600040AD29 /* Login.storyboard */,
				63371466240F02CB0040AD29 /* Main.storyboard */,
			);
			path = Storyboards;
			sourceTree = "<group>";
		};
		63371489240F05890040AD29 /* Supporting Files */ = {
			isa = PBXGroup;
			children = (
				635A23D5240F101500A3AAEE /* LottieAnimation */,
				63371469240F02D30040AD29 /* Assets.xcassets */,
				63371460240F02CB0040AD29 /* AppDelegate.swift */,
				63371462240F02CB0040AD29 /* SceneDelegate.swift */,
			);
			path = "Supporting Files";
			sourceTree = "<group>";
		};
		635A23D5240F101500A3AAEE /* LottieAnimation */ = {
			isa = PBXGroup;
			children = (
				63BBB33C2416F41C001A360D /* LaunchAnimation.json */,
			);
			path = LottieAnimation;
			sourceTree = "<group>";
		};
		635A23DE240F1B6200A3AAEE /* Extension */ = {
			isa = PBXGroup;
			children = (
				635A23DF240F1B9900A3AAEE /* UIViewController+Alerts.swift */,
				635A23E1240F1BD000A3AAEE /* UIViewController+Navigation.swift */,
				635A23F424100B0B00A3AAEE /* UIImage+Extensions.swift */,
			);
			path = Extension;
			sourceTree = "<group>";
		};
		635A23E7240F65ED00A3AAEE /* FirebaseServices */ = {
			isa = PBXGroup;
			children = (
				635A23E8240F666A00A3AAEE /* AuthenticationSession.swift */,
				635A23EA240F667B00A3AAEE /* DatabaseServices.swift */,
				635A23FA241141C500A3AAEE /* StorageServices.swift */,
			);
			path = FirebaseServices;
			sourceTree = "<group>";
		};
/* End PBXGroup section */

/* Begin PBXNativeTarget section */
		6337145C240F02CB0040AD29 /* Davigram-InstagramProject */ = {
			isa = PBXNativeTarget;
			buildConfigurationList = 6337147C240F02D30040AD29 /* Build configuration list for PBXNativeTarget "Davigram-InstagramProject" */;
			buildPhases = (
				98C77B0E70CFD45CB044C0B8 /* [CP] Check Pods Manifest.lock */,
				63371459240F02CB0040AD29 /* Sources */,
				6337145A240F02CB0040AD29 /* Frameworks */,
				6337145B240F02CB0040AD29 /* Resources */,
				2312BB14A8688F1CE9F04E26 /* [CP] Embed Pods Frameworks */,
			);
			buildRules = (
			);
			dependencies = (
			);
			name = "Davigram-InstagramProject";
			productName = "Davigram-InstagramProject";
			productReference = 6337145D240F02CB0040AD29 /* Davigram-InstagramProject.app */;
			productType = "com.apple.product-type.application";
		};
		63371472240F02D30040AD29 /* Davigram-InstagramProjectTests */ = {
			isa = PBXNativeTarget;
			buildConfigurationList = 6337147F240F02D30040AD29 /* Build configuration list for PBXNativeTarget "Davigram-InstagramProjectTests" */;
			buildPhases = (
				82E0D70DE717122CDDE6EEF3 /* [CP] Check Pods Manifest.lock */,
				6337146F240F02D30040AD29 /* Sources */,
				63371470240F02D30040AD29 /* Frameworks */,
				63371471240F02D30040AD29 /* Resources */,
			);
			buildRules = (
			);
			dependencies = (
				63371475240F02D30040AD29 /* PBXTargetDependency */,
			);
			name = "Davigram-InstagramProjectTests";
			productName = "Davigram-InstagramProjectTests";
			productReference = 63371473240F02D30040AD29 /* Davigram-InstagramProjectTests.xctest */;
			productType = "com.apple.product-type.bundle.unit-test";
		};
/* End PBXNativeTarget section */

/* Begin PBXProject section */
		63371455240F02CB0040AD29 /* Project object */ = {
			isa = PBXProject;
			attributes = {
				LastSwiftUpdateCheck = 1130;
				LastUpgradeCheck = 1130;
				ORGANIZATIONNAME = "David Lin (Passion Proj)";
				TargetAttributes = {
					6337145C240F02CB0040AD29 = {
						CreatedOnToolsVersion = 11.3;
					};
					63371472240F02D30040AD29 = {
						CreatedOnToolsVersion = 11.3;
						TestTargetID = 6337145C240F02CB0040AD29;
					};
				};
			};
			buildConfigurationList = 63371458240F02CB0040AD29 /* Build configuration list for PBXProject "Davigram-InstagramProject" */;
			compatibilityVersion = "Xcode 9.3";
			developmentRegion = en;
			hasScannedForEncodings = 0;
			knownRegions = (
				en,
				Base,
			);
			mainGroup = 63371454240F02CB0040AD29;
			productRefGroup = 6337145E240F02CB0040AD29 /* Products */;
			projectDirPath = "";
			projectRoot = "";
			targets = (
				6337145C240F02CB0040AD29 /* Davigram-InstagramProject */,
				63371472240F02D30040AD29 /* Davigram-InstagramProjectTests */,
			);
		};
/* End PBXProject section */

/* Begin PBXResourcesBuildPhase section */
		6337145B240F02CB0040AD29 /* Resources */ = {
			isa = PBXResourcesBuildPhase;
			buildActionMask = 2147483647;
			files = (
				63371488240F05600040AD29 /* Login.storyboard in Resources */,
				63BBB33D2416F41C001A360D /* LaunchAnimation.json in Resources */,
				6337146D240F02D30040AD29 /* LaunchScreen.storyboard in Resources */,
				6337146A240F02D30040AD29 /* Assets.xcassets in Resources */,
				63371468240F02CB0040AD29 /* Main.storyboard in Resources */,
				635A23DD240F167E00A3AAEE /* GoogleService-Info.plist in Resources */,
			);
			runOnlyForDeploymentPostprocessing = 0;
		};
		63371471240F02D30040AD29 /* Resources */ = {
			isa = PBXResourcesBuildPhase;
			buildActionMask = 2147483647;
			files = (
			);
			runOnlyForDeploymentPostprocessing = 0;
		};
/* End PBXResourcesBuildPhase section */

/* Begin PBXShellScriptBuildPhase section */
		2312BB14A8688F1CE9F04E26 /* [CP] Embed Pods Frameworks */ = {
			isa = PBXShellScriptBuildPhase;
			buildActionMask = 2147483647;
			files = (
			);
			inputFileListPaths = (
				"${PODS_ROOT}/Target Support Files/Pods-Davigram-InstagramProject/Pods-Davigram-InstagramProject-frameworks-${CONFIGURATION}-input-files.xcfilelist",
			);
			name = "[CP] Embed Pods Frameworks";
			outputFileListPaths = (
				"${PODS_ROOT}/Target Support Files/Pods-Davigram-InstagramProject/Pods-Davigram-InstagramProject-frameworks-${CONFIGURATION}-output-files.xcfilelist",
			);
			runOnlyForDeploymentPostprocessing = 0;
			shellPath = /bin/sh;
			shellScript = "\"${PODS_ROOT}/Target Support Files/Pods-Davigram-InstagramProject/Pods-Davigram-InstagramProject-frameworks.sh\"\n";
			showEnvVarsInLog = 0;
		};
		82E0D70DE717122CDDE6EEF3 /* [CP] Check Pods Manifest.lock */ = {
			isa = PBXShellScriptBuildPhase;
			buildActionMask = 2147483647;
			files = (
			);
			inputFileListPaths = (
			);
			inputPaths = (
				"${PODS_PODFILE_DIR_PATH}/Podfile.lock",
				"${PODS_ROOT}/Manifest.lock",
			);
			name = "[CP] Check Pods Manifest.lock";
			outputFileListPaths = (
			);
			outputPaths = (
				"$(DERIVED_FILE_DIR)/Pods-Davigram-InstagramProjectTests-checkManifestLockResult.txt",
			);
			runOnlyForDeploymentPostprocessing = 0;
			shellPath = /bin/sh;
			shellScript = "diff \"${PODS_PODFILE_DIR_PATH}/Podfile.lock\" \"${PODS_ROOT}/Manifest.lock\" > /dev/null\nif [ $? != 0 ] ; then\n    # print error to STDERR\n    echo \"error: The sandbox is not in sync with the Podfile.lock. Run 'pod install' or update your CocoaPods installation.\" >&2\n    exit 1\nfi\n# This output is used by Xcode 'outputs' to avoid re-running this script phase.\necho \"SUCCESS\" > \"${SCRIPT_OUTPUT_FILE_0}\"\n";
			showEnvVarsInLog = 0;
		};
		98C77B0E70CFD45CB044C0B8 /* [CP] Check Pods Manifest.lock */ = {
			isa = PBXShellScriptBuildPhase;
			buildActionMask = 2147483647;
			files = (
			);
			inputFileListPaths = (
			);
			inputPaths = (
				"${PODS_PODFILE_DIR_PATH}/Podfile.lock",
				"${PODS_ROOT}/Manifest.lock",
			);
			name = "[CP] Check Pods Manifest.lock";
			outputFileListPaths = (
			);
			outputPaths = (
				"$(DERIVED_FILE_DIR)/Pods-Davigram-InstagramProject-checkManifestLockResult.txt",
			);
			runOnlyForDeploymentPostprocessing = 0;
			shellPath = /bin/sh;
			shellScript = "diff \"${PODS_PODFILE_DIR_PATH}/Podfile.lock\" \"${PODS_ROOT}/Manifest.lock\" > /dev/null\nif [ $? != 0 ] ; then\n    # print error to STDERR\n    echo \"error: The sandbox is not in sync with the Podfile.lock. Run 'pod install' or update your CocoaPods installation.\" >&2\n    exit 1\nfi\n# This output is used by Xcode 'outputs' to avoid re-running this script phase.\necho \"SUCCESS\" > \"${SCRIPT_OUTPUT_FILE_0}\"\n";
			showEnvVarsInLog = 0;
		};
/* End PBXShellScriptBuildPhase section */

/* Begin PBXSourcesBuildPhase section */
		63371459240F02CB0040AD29 /* Sources */ = {
			isa = PBXSourcesBuildPhase;
			buildActionMask = 2147483647;
			files = (
				63BBB3242411C9A3001A360D /* AddImageVC.swift in Sources */,
				635A23ED240F67BB00A3AAEE /* Photo.swift in Sources */,
				63FB406C2417CA6A001F4606 /* CollectionViewCell.swift in Sources */,
				6337148D240F06270040AD29 /* ProfileVC.swift in Sources */,
				635A23D9240F105800A3AAEE /* LaunchView.swift in Sources */,
				63371491240F06E30040AD29 /* ExploreDetailVC.swift in Sources */,
				635A23E0240F1B9900A3AAEE /* UIViewController+Alerts.swift in Sources */,
				635A23DB240F156600A3AAEE /* TabBarController.swift in Sources */,
				63371493240F07160040AD29 /* LoginVC.swift in Sources */,
				63371461240F02CB0040AD29 /* AppDelegate.swift in Sources */,
				6337148F240F06360040AD29 /* ExploreVC.swift in Sources */,
				635A23FB241141C500A3AAEE /* StorageServices.swift in Sources */,
				635A23EB240F667B00A3AAEE /* DatabaseServices.swift in Sources */,
				63371463240F02CB0040AD29 /* SceneDelegate.swift in Sources */,
				635A23F524100B0B00A3AAEE /* UIImage+Extensions.swift in Sources */,
				635A23E9240F666A00A3AAEE /* AuthenticationSession.swift in Sources */,
				635A23E2240F1BD000A3AAEE /* UIViewController+Navigation.swift in Sources */,
			);
			runOnlyForDeploymentPostprocessing = 0;
		};
		6337146F240F02D30040AD29 /* Sources */ = {
			isa = PBXSourcesBuildPhase;
			buildActionMask = 2147483647;
			files = (
				63371478240F02D30040AD29 /* Davigram_InstagramProjectTests.swift in Sources */,
			);
			runOnlyForDeploymentPostprocessing = 0;
		};
/* End PBXSourcesBuildPhase section */

/* Begin PBXTargetDependency section */
		63371475240F02D30040AD29 /* PBXTargetDependency */ = {
			isa = PBXTargetDependency;
			target = 6337145C240F02CB0040AD29 /* Davigram-InstagramProject */;
			targetProxy = 63371474240F02D30040AD29 /* PBXContainerItemProxy */;
		};
/* End PBXTargetDependency section */

/* Begin PBXVariantGroup section */
		63371466240F02CB0040AD29 /* Main.storyboard */ = {
			isa = PBXVariantGroup;
			children = (
				63371467240F02CB0040AD29 /* Base */,
			);
			name = Main.storyboard;
			sourceTree = "<group>";
		};
		6337146B240F02D30040AD29 /* LaunchScreen.storyboard */ = {
			isa = PBXVariantGroup;
			children = (
				6337146C240F02D30040AD29 /* Base */,
			);
			name = LaunchScreen.storyboard;
			sourceTree = "<group>";
		};
/* End PBXVariantGroup section */

/* Begin XCBuildConfiguration section */
		6337147A240F02D30040AD29 /* Debug */ = {
			isa = XCBuildConfiguration;
			buildSettings = {
				ALWAYS_SEARCH_USER_PATHS = NO;
				CLANG_ANALYZER_NONNULL = YES;
				CLANG_ANALYZER_NUMBER_OBJECT_CONVERSION = YES_AGGRESSIVE;
				CLANG_CXX_LANGUAGE_STANDARD = "gnu++14";
				CLANG_CXX_LIBRARY = "libc++";
				CLANG_ENABLE_MODULES = YES;
				CLANG_ENABLE_OBJC_ARC = YES;
				CLANG_ENABLE_OBJC_WEAK = YES;
				CLANG_WARN_BLOCK_CAPTURE_AUTORELEASING = YES;
				CLANG_WARN_BOOL_CONVERSION = YES;
				CLANG_WARN_COMMA = YES;
				CLANG_WARN_CONSTANT_CONVERSION = YES;
				CLANG_WARN_DEPRECATED_OBJC_IMPLEMENTATIONS = YES;
				CLANG_WARN_DIRECT_OBJC_ISA_USAGE = YES_ERROR;
				CLANG_WARN_DOCUMENTATION_COMMENTS = YES;
				CLANG_WARN_EMPTY_BODY = YES;
				CLANG_WARN_ENUM_CONVERSION = YES;
				CLANG_WARN_INFINITE_RECURSION = YES;
				CLANG_WARN_INT_CONVERSION = YES;
				CLANG_WARN_NON_LITERAL_NULL_CONVERSION = YES;
				CLANG_WARN_OBJC_IMPLICIT_RETAIN_SELF = YES;
				CLANG_WARN_OBJC_LITERAL_CONVERSION = YES;
				CLANG_WARN_OBJC_ROOT_CLASS = YES_ERROR;
				CLANG_WARN_RANGE_LOOP_ANALYSIS = YES;
				CLANG_WARN_STRICT_PROTOTYPES = YES;
				CLANG_WARN_SUSPICIOUS_MOVE = YES;
				CLANG_WARN_UNGUARDED_AVAILABILITY = YES_AGGRESSIVE;
				CLANG_WARN_UNREACHABLE_CODE = YES;
				CLANG_WARN__DUPLICATE_METHOD_MATCH = YES;
				COPY_PHASE_STRIP = NO;
				DEBUG_INFORMATION_FORMAT = dwarf;
				ENABLE_STRICT_OBJC_MSGSEND = YES;
				ENABLE_TESTABILITY = YES;
				GCC_C_LANGUAGE_STANDARD = gnu11;
				GCC_DYNAMIC_NO_PIC = NO;
				GCC_NO_COMMON_BLOCKS = YES;
				GCC_OPTIMIZATION_LEVEL = 0;
				GCC_PREPROCESSOR_DEFINITIONS = (
					"DEBUG=1",
					"$(inherited)",
				);
				GCC_WARN_64_TO_32_BIT_CONVERSION = YES;
				GCC_WARN_ABOUT_RETURN_TYPE = YES_ERROR;
				GCC_WARN_UNDECLARED_SELECTOR = YES;
				GCC_WARN_UNINITIALIZED_AUTOS = YES_AGGRESSIVE;
				GCC_WARN_UNUSED_FUNCTION = YES;
				GCC_WARN_UNUSED_VARIABLE = YES;
				IPHONEOS_DEPLOYMENT_TARGET = 13.2;
				MTL_ENABLE_DEBUG_INFO = INCLUDE_SOURCE;
				MTL_FAST_MATH = YES;
				ONLY_ACTIVE_ARCH = YES;
				SDKROOT = iphoneos;
				SWIFT_ACTIVE_COMPILATION_CONDITIONS = DEBUG;
				SWIFT_OPTIMIZATION_LEVEL = "-Onone";
			};
			name = Debug;
		};
		6337147B240F02D30040AD29 /* Release */ = {
			isa = XCBuildConfiguration;
			buildSettings = {
				ALWAYS_SEARCH_USER_PATHS = NO;
				CLANG_ANALYZER_NONNULL = YES;
				CLANG_ANALYZER_NUMBER_OBJECT_CONVERSION = YES_AGGRESSIVE;
				CLANG_CXX_LANGUAGE_STANDARD = "gnu++14";
				CLANG_CXX_LIBRARY = "libc++";
				CLANG_ENABLE_MODULES = YES;
				CLANG_ENABLE_OBJC_ARC = YES;
				CLANG_ENABLE_OBJC_WEAK = YES;
				CLANG_WARN_BLOCK_CAPTURE_AUTORELEASING = YES;
				CLANG_WARN_BOOL_CONVERSION = YES;
				CLANG_WARN_COMMA = YES;
				CLANG_WARN_CONSTANT_CONVERSION = YES;
				CLANG_WARN_DEPRECATED_OBJC_IMPLEMENTATIONS = YES;
				CLANG_WARN_DIRECT_OBJC_ISA_USAGE = YES_ERROR;
				CLANG_WARN_DOCUMENTATION_COMMENTS = YES;
				CLANG_WARN_EMPTY_BODY = YES;
				CLANG_WARN_ENUM_CONVERSION = YES;
				CLANG_WARN_INFINITE_RECURSION = YES;
				CLANG_WARN_INT_CONVERSION = YES;
				CLANG_WARN_NON_LITERAL_NULL_CONVERSION = YES;
				CLANG_WARN_OBJC_IMPLICIT_RETAIN_SELF = YES;
				CLANG_WARN_OBJC_LITERAL_CONVERSION = YES;
				CLANG_WARN_OBJC_ROOT_CLASS = YES_ERROR;
				CLANG_WARN_RANGE_LOOP_ANALYSIS = YES;
				CLANG_WARN_STRICT_PROTOTYPES = YES;
				CLANG_WARN_SUSPICIOUS_MOVE = YES;
				CLANG_WARN_UNGUARDED_AVAILABILITY = YES_AGGRESSIVE;
				CLANG_WARN_UNREACHABLE_CODE = YES;
				CLANG_WARN__DUPLICATE_METHOD_MATCH = YES;
				COPY_PHASE_STRIP = NO;
				DEBUG_INFORMATION_FORMAT = "dwarf-with-dsym";
				ENABLE_NS_ASSERTIONS = NO;
				ENABLE_STRICT_OBJC_MSGSEND = YES;
				GCC_C_LANGUAGE_STANDARD = gnu11;
				GCC_NO_COMMON_BLOCKS = YES;
				GCC_WARN_64_TO_32_BIT_CONVERSION = YES;
				GCC_WARN_ABOUT_RETURN_TYPE = YES_ERROR;
				GCC_WARN_UNDECLARED_SELECTOR = YES;
				GCC_WARN_UNINITIALIZED_AUTOS = YES_AGGRESSIVE;
				GCC_WARN_UNUSED_FUNCTION = YES;
				GCC_WARN_UNUSED_VARIABLE = YES;
				IPHONEOS_DEPLOYMENT_TARGET = 13.2;
				MTL_ENABLE_DEBUG_INFO = NO;
				MTL_FAST_MATH = YES;
				SDKROOT = iphoneos;
				SWIFT_COMPILATION_MODE = wholemodule;
				SWIFT_OPTIMIZATION_LEVEL = "-O";
				VALIDATE_PRODUCT = YES;
			};
			name = Release;
		};
		6337147D240F02D30040AD29 /* Debug */ = {
			isa = XCBuildConfiguration;
			baseConfigurationReference = 746FE4D1455749ECD924133B /* Pods-Davigram-InstagramProject.debug.xcconfig */;
			buildSettings = {
				ASSETCATALOG_COMPILER_APPICON_NAME = AppIcon;
				CODE_SIGN_STYLE = Automatic;
				DEVELOPMENT_TEAM = KJJ3AHRK2K;
				INFOPLIST_FILE = "Davigram-InstagramProject/Info.plist";
				LD_RUNPATH_SEARCH_PATHS = (
					"$(inherited)",
					"@executable_path/Frameworks",
				);
				PRODUCT_BUNDLE_IDENTIFIER = "com.example.Davigram-InstagramProject";
				PRODUCT_NAME = "$(TARGET_NAME)";
				SWIFT_VERSION = 5.0;
				TARGETED_DEVICE_FAMILY = "1,2";
			};
			name = Debug;
		};
		6337147E240F02D30040AD29 /* Release */ = {
			isa = XCBuildConfiguration;
			baseConfigurationReference = 01C1498A5D4646E6CAFA456A /* Pods-Davigram-InstagramProject.release.xcconfig */;
			buildSettings = {
				ASSETCATALOG_COMPILER_APPICON_NAME = AppIcon;
				CODE_SIGN_STYLE = Automatic;
				DEVELOPMENT_TEAM = KJJ3AHRK2K;
				INFOPLIST_FILE = "Davigram-InstagramProject/Info.plist";
				LD_RUNPATH_SEARCH_PATHS = (
					"$(inherited)",
					"@executable_path/Frameworks",
				);
				PRODUCT_BUNDLE_IDENTIFIER = "com.example.Davigram-InstagramProject";
				PRODUCT_NAME = "$(TARGET_NAME)";
				SWIFT_VERSION = 5.0;
				TARGETED_DEVICE_FAMILY = "1,2";
			};
			name = Release;
		};
		63371480240F02D30040AD29 /* Debug */ = {
			isa = XCBuildConfiguration;
			baseConfigurationReference = 8B4DAD7F648BF56FDDBBA117 /* Pods-Davigram-InstagramProjectTests.debug.xcconfig */;
			buildSettings = {
				ALWAYS_EMBED_SWIFT_STANDARD_LIBRARIES = YES;
				BUNDLE_LOADER = "$(TEST_HOST)";
				CODE_SIGN_STYLE = Automatic;
				DEVELOPMENT_TEAM = KJJ3AHRK2K;
				INFOPLIST_FILE = "Davigram-InstagramProjectTests/Info.plist";
				IPHONEOS_DEPLOYMENT_TARGET = 13.2;
				LD_RUNPATH_SEARCH_PATHS = (
					"$(inherited)",
					"@executable_path/Frameworks",
					"@loader_path/Frameworks",
				);
				PRODUCT_BUNDLE_IDENTIFIER = "com.example.Davigram-InstagramProjectTests";
				PRODUCT_NAME = "$(TARGET_NAME)";
				SWIFT_VERSION = 5.0;
				TARGETED_DEVICE_FAMILY = "1,2";
				TEST_HOST = "$(BUILT_PRODUCTS_DIR)/Davigram-InstagramProject.app/Davigram-InstagramProject";
			};
			name = Debug;
		};
		63371481240F02D30040AD29 /* Release */ = {
			isa = XCBuildConfiguration;
			baseConfigurationReference = FE51271F5F60F7A6D7E6F2AC /* Pods-Davigram-InstagramProjectTests.release.xcconfig */;
			buildSettings = {
				ALWAYS_EMBED_SWIFT_STANDARD_LIBRARIES = YES;
				BUNDLE_LOADER = "$(TEST_HOST)";
				CODE_SIGN_STYLE = Automatic;
				DEVELOPMENT_TEAM = KJJ3AHRK2K;
				INFOPLIST_FILE = "Davigram-InstagramProjectTests/Info.plist";
				IPHONEOS_DEPLOYMENT_TARGET = 13.2;
				LD_RUNPATH_SEARCH_PATHS = (
					"$(inherited)",
					"@executable_path/Frameworks",
					"@loader_path/Frameworks",
				);
				PRODUCT_BUNDLE_IDENTIFIER = "com.example.Davigram-InstagramProjectTests";
				PRODUCT_NAME = "$(TARGET_NAME)";
				SWIFT_VERSION = 5.0;
				TARGETED_DEVICE_FAMILY = "1,2";
				TEST_HOST = "$(BUILT_PRODUCTS_DIR)/Davigram-InstagramProject.app/Davigram-InstagramProject";
			};
			name = Release;
		};
/* End XCBuildConfiguration section */

/* Begin XCConfigurationList section */
		63371458240F02CB0040AD29 /* Build configuration list for PBXProject "Davigram-InstagramProject" */ = {
			isa = XCConfigurationList;
			buildConfigurations = (
				6337147A240F02D30040AD29 /* Debug */,
				6337147B240F02D30040AD29 /* Release */,
			);
			defaultConfigurationIsVisible = 0;
			defaultConfigurationName = Release;
		};
		6337147C240F02D30040AD29 /* Build configuration list for PBXNativeTarget "Davigram-InstagramProject" */ = {
			isa = XCConfigurationList;
			buildConfigurations = (
				6337147D240F02D30040AD29 /* Debug */,
				6337147E240F02D30040AD29 /* Release */,
			);
			defaultConfigurationIsVisible = 0;
			defaultConfigurationName = Release;
		};
		6337147F240F02D30040AD29 /* Build configuration list for PBXNativeTarget "Davigram-InstagramProjectTests" */ = {
			isa = XCConfigurationList;
			buildConfigurations = (
				63371480240F02D30040AD29 /* Debug */,
				63371481240F02D30040AD29 /* Release */,
			);
			defaultConfigurationIsVisible = 0;
			defaultConfigurationName = Release;
		};
/* End XCConfigurationList section */
	};
	rootObject = 63371455240F02CB0040AD29 /* Project object */;
}
